
Microsoft Visual Studio Solution File, Format Version 12.00
# Visual Studio Version 17
VisualStudioVersion = 17.9.34701.34
MinimumVisualStudioVersion = 10.0.40219.1
Project("{FAE04EC0-301F-11D3-BF4B-00C04F79EFBC}") = "TaskTracker", "TaskTracker\TaskTracker.csproj", "{ADD91F47-20BA-4DFD-B27E-EC706BD5FB4C}"
EndProject
Global
	GlobalSection(SolutionConfigurationPlatforms) = preSolution
		Debug|Any CPU = Debug|Any CPU
		Release|Any CPU = Release|Any CPU
	EndGlobalSection
	GlobalSection(ProjectConfigurationPlatforms) = postSolution
		{ADD91F47-20BA-4DFD-B27E-EC706BD5FB4C}.Debug|Any CPU.ActiveCfg = Debug|Any CPU
		{ADD91F47-20BA-4DFD-B27E-EC706BD5FB4C}.Debug|Any CPU.Build.0 = Debug|Any CPU
		{ADD91F47-20BA-4DFD-B27E-EC706BD5FB4C}.Release|Any CPU.ActiveCfg = Release|Any CPU
		{ADD91F47-20BA-4DFD-B27E-EC706BD5FB4C}.Release|Any CPU.Build.0 = Release|Any CPU
	EndGlobalSection
	GlobalSection(SolutionProperties) = preSolution
		HideSolutionNode = FALSE
	EndGlobalSection
	GlobalSection(ExtensibilityGlobals) = postSolution
		SolutionGuid = {6AA9C812-E339-4A73-81C7-DFE141542253}
	EndGlobalSection
EndGlobal
